// !$*UTF8*$!
{
	archiveVersion = 1;
	classes = {
	};
	objectVersion = 50;
	objects = {

/* Begin PBXBuildFile section */
		78E892022244D38B003D6B27 /* AppDelegate.swift in Sources */ = {isa = PBXBuildFile; fileRef = 78E892012244D38B003D6B27 /* AppDelegate.swift */; };
		78E892042244D38B003D6B27 /* ViewController.swift in Sources */ = {isa = PBXBuildFile; fileRef = 78E892032244D38B003D6B27 /* ViewController.swift */; };
		78E892072244D38B003D6B27 /* Main.storyboard in Resources */ = {isa = PBXBuildFile; fileRef = 78E892052244D38B003D6B27 /* Main.storyboard */; };
		78E892092244D38C003D6B27 /* Assets.xcassets in Resources */ = {isa = PBXBuildFile; fileRef = 78E892082244D38C003D6B27 /* Assets.xcassets */; };
		78E8920C2244D38C003D6B27 /* LaunchScreen.storyboard in Resources */ = {isa = PBXBuildFile; fileRef = 78E8920A2244D38C003D6B27 /* LaunchScreen.storyboard */; };
		78E892172244D38C003D6B27 /* TestingTests.swift in Sources */ = {isa = PBXBuildFile; fileRef = 78E892162244D38C003D6B27 /* TestingTests.swift */; };
		78E892222244D38C003D6B27 /* TestingUITests.swift in Sources */ = {isa = PBXBuildFile; fileRef = 78E892212244D38C003D6B27 /* TestingUITests.swift */; };
		78E892302244D3A1003D6B27 /* ColorView.swift in Sources */ = {isa = PBXBuildFile; fileRef = 78E8922F2244D3A1003D6B27 /* ColorView.swift */; };
		78E892372244D5DA003D6B27 /* Testing.podspec in Resources */ = {isa = PBXBuildFile; fileRef = 78E892362244D5DA003D6B27 /* Testing.podspec */; };
/* End PBXBuildFile section */

/* Begin PBXContainerItemProxy section */
		78E892132244D38C003D6B27 /* PBXContainerItemProxy */ = {
			isa = PBXContainerItemProxy;
			containerPortal = 78E891F62244D38B003D6B27 /* Project object */;
			proxyType = 1;
			remoteGlobalIDString = 78E891FD2244D38B003D6B27;
			remoteInfo = Testing;
		};
		78E8921E2244D38C003D6B27 /* PBXContainerItemProxy */ = {
			isa = PBXContainerItemProxy;
			containerPortal = 78E891F62244D38B003D6B27 /* Project object */;
			proxyType = 1;
			remoteGlobalIDString = 78E891FD2244D38B003D6B27;
			remoteInfo = Testing;
		};
/* End PBXContainerItemProxy section */

/* Begin PBXFileReference section */
		78E891FE2244D38B003D6B27 /* Testing.app */ = {isa = PBXFileReference; explicitFileType = wrapper.application; includeInIndex = 0; path = Testing.app; sourceTree = BUILT_PRODUCTS_DIR; };
		78E892012244D38B003D6B27 /* AppDelegate.swift */ = {isa = PBXFileReference; lastKnownFileType = sourcecode.swift; path = AppDelegate.swift; sourceTree = "<group>"; };
		78E892032244D38B003D6B27 /* ViewController.swift */ = {isa = PBXFileReference; lastKnownFileType = sourcecode.swift; path = ViewController.swift; sourceTree = "<group>"; };
		78E892062244D38B003D6B27 /* Base */ = {isa = PBXFileReference; lastKnownFileType = file.storyboard; name = Base; path = Base.lproj/Main.storyboard; sourceTree = "<group>"; };
		78E892082244D38C003D6B27 /* Assets.xcassets */ = {isa = PBXFileReference; lastKnownFileType = folder.assetcatalog; path = Assets.xcassets; sourceTree = "<group>"; };
		78E8920B2244D38C003D6B27 /* Base */ = {isa = PBXFileReference; lastKnownFileType = file.storyboard; name = Base; path = Base.lproj/LaunchScreen.storyboard; sourceTree = "<group>"; };
		78E8920D2244D38C003D6B27 /* Info.plist */ = {isa = PBXFileReference; lastKnownFileType = text.plist.xml; path = Info.plist; sourceTree = "<group>"; };
		78E892122244D38C003D6B27 /* TestingTests.xctest */ = {isa = PBXFileReference; explicitFileType = wrapper.cfbundle; includeInIndex = 0; path = TestingTests.xctest; sourceTree = BUILT_PRODUCTS_DIR; };
		78E892162244D38C003D6B27 /* TestingTests.swift */ = {isa = PBXFileReference; lastKnownFileType = sourcecode.swift; path = TestingTests.swift; sourceTree = "<group>"; };
		78E892182244D38C003D6B27 /* Info.plist */ = {isa = PBXFileReference; lastKnownFileType = text.plist.xml; path = Info.plist; sourceTree = "<group>"; };
		78E8921D2244D38C003D6B27 /* TestingUITests.xctest */ = {isa = PBXFileReference; explicitFileType = wrapper.cfbundle; includeInIndex = 0; path = TestingUITests.xctest; sourceTree = BUILT_PRODUCTS_DIR; };
		78E892212244D38C003D6B27 /* TestingUITests.swift */ = {isa = PBXFileReference; lastKnownFileType = sourcecode.swift; path = TestingUITests.swift; sourceTree = "<group>"; };
		78E892232244D38C003D6B27 /* Info.plist */ = {isa = PBXFileReference; lastKnownFileType = text.plist.xml; path = Info.plist; sourceTree = "<group>"; };
		78E8922F2244D3A1003D6B27 /* ColorView.swift */ = {isa = PBXFileReference; fileEncoding = 4; lastKnownFileType = sourcecode.swift; path = ColorView.swift; sourceTree = "<group>"; };
		78E892362244D5DA003D6B27 /* Testing.podspec */ = {isa = PBXFileReference; fileEncoding = 4; lastKnownFileType = text; path = Testing.podspec; sourceTree = "<group>"; };
/* End PBXFileReference section */

/* Begin PBXFrameworksBuildPhase section */
		78E891FB2244D38B003D6B27 /* Frameworks */ = {
			isa = PBXFrameworksBuildPhase;
			buildActionMask = 2147483647;
			files = (
			);
			runOnlyForDeploymentPostprocessing = 0;
		};
		78E8920F2244D38C003D6B27 /* Frameworks */ = {
			isa = PBXFrameworksBuildPhase;
			buildActionMask = 2147483647;
			files = (
			);
			runOnlyForDeploymentPostprocessing = 0;
		};
		78E8921A2244D38C003D6B27 /* Frameworks */ = {
			isa = PBXFrameworksBuildPhase;
			buildActionMask = 2147483647;
			files = (
			);
			runOnlyForDeploymentPostprocessing = 0;
		};
/* End PBXFrameworksBuildPhase section */

/* Begin PBXGroup section */
		78E891F52244D38B003D6B27 = {
			isa = PBXGroup;
			children = (
				78E892362244D5DA003D6B27 /* Testing.podspec */,
				78E892002244D38B003D6B27 /* Testing */,
				78E892152244D38C003D6B27 /* TestingTests */,
				78E892202244D38C003D6B27 /* TestingUITests */,
				78E891FF2244D38B003D6B27 /* Products */,
			);
			sourceTree = "<group>";
		};
		78E891FF2244D38B003D6B27 /* Products */ = {
			isa = PBXGroup;
			children = (
				78E891FE2244D38B003D6B27 /* Testing.app */,
				78E892122244D38C003D6B27 /* TestingTests.xctest */,
				78E8921D2244D38C003D6B27 /* TestingUITests.xctest */,
			);
			name = Products;
			sourceTree = "<group>";
		};
		78E892002244D38B003D6B27 /* Testing */ = {
			isa = PBXGroup;
			children = (
				78E892332244D3C1003D6B27 /* Demo */,
				78E892312244D3A6003D6B27 /* DevelopmentPod */,
			);
			path = Testing;
			sourceTree = "<group>";
		};
		78E892152244D38C003D6B27 /* TestingTests */ = {
			isa = PBXGroup;
			children = (
				78E892162244D38C003D6B27 /* TestingTests.swift */,
				78E892182244D38C003D6B27 /* Info.plist */,
			);
			path = TestingTests;
			sourceTree = "<group>";
		};
		78E892202244D38C003D6B27 /* TestingUITests */ = {
			isa = PBXGroup;
			children = (
				78E892212244D38C003D6B27 /* TestingUITests.swift */,
				78E892232244D38C003D6B27 /* Info.plist */,
			);
			path = TestingUITests;
			sourceTree = "<group>";
		};
		78E892312244D3A6003D6B27 /* DevelopmentPod */ = {
			isa = PBXGroup;
			children = (
				78E8922F2244D3A1003D6B27 /* ColorView.swift */,
			);
			path = DevelopmentPod;
			sourceTree = "<group>";
		};
		78E892332244D3C1003D6B27 /* Demo */ = {
			isa = PBXGroup;
			children = (
				78E892032244D38B003D6B27 /* ViewController.swift */,
				78E892012244D38B003D6B27 /* AppDelegate.swift */,
				78E892052244D38B003D6B27 /* Main.storyboard */,
				78E892082244D38C003D6B27 /* Assets.xcassets */,
				78E8920A2244D38C003D6B27 /* LaunchScreen.storyboard */,
				78E8920D2244D38C003D6B27 /* Info.plist */,
			);
			name = Demo;
			sourceTree = "<group>";
		};
/* End PBXGroup section */

/* Begin PBXNativeTarget section */
		78E891FD2244D38B003D6B27 /* Testing */ = {
			isa = PBXNativeTarget;
			buildConfigurationList = 78E892262244D38C003D6B27 /* Build configuration list for PBXNativeTarget "Testing" */;
			buildPhases = (
				78E891FA2244D38B003D6B27 /* Sources */,
				78E891FB2244D38B003D6B27 /* Frameworks */,
				78E891FC2244D38B003D6B27 /* Resources */,
			);
			buildRules = (
			);
			dependencies = (
			);
			name = Testing;
			productName = Testing;
			productReference = 78E891FE2244D38B003D6B27 /* Testing.app */;
			productType = "com.apple.product-type.application";
		};
		78E892112244D38C003D6B27 /* TestingTests */ = {
			isa = PBXNativeTarget;
			buildConfigurationList = 78E892292244D38C003D6B27 /* Build configuration list for PBXNativeTarget "TestingTests" */;
			buildPhases = (
				78E8920E2244D38C003D6B27 /* Sources */,
				78E8920F2244D38C003D6B27 /* Frameworks */,
				78E892102244D38C003D6B27 /* Resources */,
			);
			buildRules = (
			);
			dependencies = (
				78E892142244D38C003D6B27 /* PBXTargetDependency */,
			);
			name = TestingTests;
			productName = TestingTests;
			productReference = 78E892122244D38C003D6B27 /* TestingTests.xctest */;
			productType = "com.apple.product-type.bundle.unit-test";
		};
		78E8921C2244D38C003D6B27 /* TestingUITests */ = {
			isa = PBXNativeTarget;
			buildConfigurationList = 78E8922C2244D38C003D6B27 /* Build configuration list for PBXNativeTarget "TestingUITests" */;
			buildPhases = (
				78E892192244D38C003D6B27 /* Sources */,
				78E8921A2244D38C003D6B27 /* Frameworks */,
				78E8921B2244D38C003D6B27 /* Resources */,
			);
			buildRules = (
			);
			dependencies = (
				78E8921F2244D38C003D6B27 /* PBXTargetDependency */,
			);
			name = TestingUITests;
			productName = TestingUITests;
			productReference = 78E8921D2244D38C003D6B27 /* TestingUITests.xctest */;
			productType = "com.apple.product-type.bundle.ui-testing";
		};
/* End PBXNativeTarget section */

/* Begin PBXProject section */
		78E891F62244D38B003D6B27 /* Project object */ = {
			isa = PBXProject;
			attributes = {
				LastSwiftUpdateCheck = 1010;
				LastUpgradeCheck = 1010;
				ORGANIZATIONNAME = com.4axis.;
				TargetAttributes = {
					78E891FD2244D38B003D6B27 = {
						CreatedOnToolsVersion = 10.1;
					};
					78E892112244D38C003D6B27 = {
						CreatedOnToolsVersion = 10.1;
						TestTargetID = 78E891FD2244D38B003D6B27;
					};
					78E8921C2244D38C003D6B27 = {
						CreatedOnToolsVersion = 10.1;
						TestTargetID = 78E891FD2244D38B003D6B27;
					};
				};
			};
			buildConfigurationList = 78E891F92244D38B003D6B27 /* Build configuration list for PBXProject "Testing" */;
			compatibilityVersion = "Xcode 9.3";
			developmentRegion = en;
			hasScannedForEncodings = 0;
			knownRegions = (
				en,
				Base,
			);
			mainGroup = 78E891F52244D38B003D6B27;
			productRefGroup = 78E891FF2244D38B003D6B27 /* Products */;
			projectDirPath = "";
			projectRoot = "";
			targets = (
				78E891FD2244D38B003D6B27 /* Testing */,
				78E892112244D38C003D6B27 /* TestingTests */,
				78E8921C2244D38C003D6B27 /* TestingUITests */,
			);
		};
/* End PBXProject section */

/* Begin PBXResourcesBuildPhase section */
		78E891FC2244D38B003D6B27 /* Resources */ = {
			isa = PBXResourcesBuildPhase;
			buildActionMask = 2147483647;
			files = (
				78E8920C2244D38C003D6B27 /* LaunchScreen.storyboard in Resources */,
				78E892372244D5DA003D6B27 /* Testing.podspec in Resources */,
				78E892092244D38C003D6B27 /* Assets.xcassets in Resources */,
				78E892072244D38B003D6B27 /* Main.storyboard in Resources */,
			);
			runOnlyForDeploymentPostprocessing = 0;
		};
		78E892102244D38C003D6B27 /* Resources */ = {
			isa = PBXResourcesBuildPhase;
			buildActionMask = 2147483647;
			files = (
			);
			runOnlyForDeploymentPostprocessing = 0;
		};
		78E8921B2244D38C003D6B27 /* Resources */ = {
			isa = PBXResourcesBuildPhase;
			buildActionMask = 2147483647;
			files = (
			);
			runOnlyForDeploymentPostprocessing = 0;
		};
/* End PBXResourcesBuildPhase section */

/* Begin PBXSourcesBuildPhase section */
		78E891FA2244D38B003D6B27 /* Sources */ = {
			isa = PBXSourcesBuildPhase;
			buildActionMask = 2147483647;
			files = (
				78E892302244D3A1003D6B27 /* ColorView.swift in Sources */,
				78E892042244D38B003D6B27 /* ViewController.swift in Sources */,
				78E892022244D38B003D6B27 /* AppDelegate.swift in Sources */,
			);
			runOnlyForDeploymentPostprocessing = 0;
		};
		78E8920E2244D38C003D6B27 /* Sources */ = {
			isa = PBXSourcesBuildPhase;
			buildActionMask = 2147483647;
			files = (
				78E892172244D38C003D6B27 /* TestingTests.swift in Sources */,
			);
			runOnlyForDeploymentPostprocessing = 0;
		};
		78E892192244D38C003D6B27 /* Sources */ = {
			isa = PBXSourcesBuildPhase;
			buildActionMask = 2147483647;
			files = (
				78E892222244D38C003D6B27 /* TestingUITests.swift in Sources */,
			);
			runOnlyForDeploymentPostprocessing = 0;
		};
/* End PBXSourcesBuildPhase section */

/* Begin PBXTargetDependency section */
		78E892142244D38C003D6B27 /* PBXTargetDependency */ = {
			isa = PBXTargetDependency;
			target = 78E891FD2244D38B003D6B27 /* Testing */;
			targetProxy = 78E892132244D38C003D6B27 /* PBXContainerItemProxy */;
		};
		78E8921F2244D38C003D6B27 /* PBXTargetDependency */ = {
			isa = PBXTargetDependency;
			target = 78E891FD2244D38B003D6B27 /* Testing */;
			targetProxy = 78E8921E2244D38C003D6B27 /* PBXContainerItemProxy */;
		};
/* End PBXTargetDependency section */

/* Begin PBXVariantGroup section */
		78E892052244D38B003D6B27 /* Main.storyboard */ = {
			isa = PBXVariantGroup;
			children = (
				78E892062244D38B003D6B27 /* Base */,
			);
			name = Main.storyboard;
			sourceTree = "<group>";
		};
		78E8920A2244D38C003D6B27 /* LaunchScreen.storyboard */ = {
			isa = PBXVariantGroup;
			children = (
				78E8920B2244D38C003D6B27 /* Base */,
			);
			name = LaunchScreen.storyboard;
			sourceTree = "<group>";
		};
/* End PBXVariantGroup section */

/* Begin XCBuildConfiguration section */
		78E892242244D38C003D6B27 /* Debug */ = {
			isa = XCBuildConfiguration;
			buildSettings = {
				ALWAYS_SEARCH_USER_PATHS = NO;
				CLANG_ANALYZER_NONNULL = YES;
				CLANG_ANALYZER_NUMBER_OBJECT_CONVERSION = YES_AGGRESSIVE;
				CLANG_CXX_LANGUAGE_STANDARD = "gnu++14";
				CLANG_CXX_LIBRARY = "libc++";
				CLANG_ENABLE_MODULES = YES;
				CLANG_ENABLE_OBJC_ARC = YES;
				CLANG_ENABLE_OBJC_WEAK = YES;
				CLANG_WARN_BLOCK_CAPTURE_AUTORELEASING = YES;
				CLANG_WARN_BOOL_CONVERSION = YES;
				CLANG_WARN_COMMA = YES;
				CLANG_WARN_CONSTANT_CONVERSION = YES;
				CLANG_WARN_DEPRECATED_OBJC_IMPLEMENTATIONS = YES;
				CLANG_WARN_DIRECT_OBJC_ISA_USAGE = YES_ERROR;
				CLANG_WARN_DOCUMENTATION_COMMENTS = YES;
				CLANG_WARN_EMPTY_BODY = YES;
				CLANG_WARN_ENUM_CONVERSION = YES;
				CLANG_WARN_INFINITE_RECURSION = YES;
				CLANG_WARN_INT_CONVERSION = YES;
				CLANG_WARN_NON_LITERAL_NULL_CONVERSION = YES;
				CLANG_WARN_OBJC_IMPLICIT_RETAIN_SELF = YES;
				CLANG_WARN_OBJC_LITERAL_CONVERSION = YES;
				CLANG_WARN_OBJC_ROOT_CLASS = YES_ERROR;
				CLANG_WARN_RANGE_LOOP_ANALYSIS = YES;
				CLANG_WARN_STRICT_PROTOTYPES = YES;
				CLANG_WARN_SUSPICIOUS_MOVE = YES;
				CLANG_WARN_UNGUARDED_AVAILABILITY = YES_AGGRESSIVE;
				CLANG_WARN_UNREACHABLE_CODE = YES;
				CLANG_WARN__DUPLICATE_METHOD_MATCH = YES;
				CODE_SIGN_IDENTITY = "iPhone Developer";
				COPY_PHASE_STRIP = NO;
				DEBUG_INFORMATION_FORMAT = dwarf;
				ENABLE_STRICT_OBJC_MSGSEND = YES;
				ENABLE_TESTABILITY = YES;
				GCC_C_LANGUAGE_STANDARD = gnu11;
				GCC_DYNAMIC_NO_PIC = NO;
				GCC_NO_COMMON_BLOCKS = YES;
				GCC_OPTIMIZATION_LEVEL = 0;
				GCC_PREPROCESSOR_DEFINITIONS = (
					"DEBUG=1",
					"$(inherited)",
				);
				GCC_WARN_64_TO_32_BIT_CONVERSION = YES;
				GCC_WARN_ABOUT_RETURN_TYPE = YES_ERROR;
				GCC_WARN_UNDECLARED_SELECTOR = YES;
				GCC_WARN_UNINITIALIZED_AUTOS = YES_AGGRESSIVE;
				GCC_WARN_UNUSED_FUNCTION = YES;
				GCC_WARN_UNUSED_VARIABLE = YES;
				IPHONEOS_DEPLOYMENT_TARGET = 12.1;
				MTL_ENABLE_DEBUG_INFO = INCLUDE_SOURCE;
				MTL_FAST_MATH = YES;
				ONLY_ACTIVE_ARCH = YES;
				SDKROOT = iphoneos;
				SWIFT_ACTIVE_COMPILATION_CONDITIONS = DEBUG;
				SWIFT_OPTIMIZATION_LEVEL = "-Onone";
			};
			name = Debug;
		};
		78E892252244D38C003D6B27 /* Release */ = {
			isa = XCBuildConfiguration;
			buildSettings = {
				ALWAYS_SEARCH_USER_PATHS = NO;
				CLANG_ANALYZER_NONNULL = YES;
				CLANG_ANALYZER_NUMBER_OBJECT_CONVERSION = YES_AGGRESSIVE;
				CLANG_CXX_LANGUAGE_STANDARD = "gnu++14";
				CLANG_CXX_LIBRARY = "libc++";
				CLANG_ENABLE_MODULES = YES;
				CLANG_ENABLE_OBJC_ARC = YES;
				CLANG_ENABLE_OBJC_WEAK = YES;
				CLANG_WARN_BLOCK_CAPTURE_AUTORELEASING = YES;
				CLANG_WARN_BOOL_CONVERSION = YES;
				CLANG_WARN_COMMA = YES;
				CLANG_WARN_CONSTANT_CONVERSION = YES;
				CLANG_WARN_DEPRECATED_OBJC_IMPLEMENTATIONS = YES;
				CLANG_WARN_DIRECT_OBJC_ISA_USAGE = YES_ERROR;
				CLANG_WARN_DOCUMENTATION_COMMENTS = YES;
				CLANG_WARN_EMPTY_BODY = YES;
				CLANG_WARN_ENUM_CONVERSION = YES;
				CLANG_WARN_INFINITE_RECURSION = YES;
				CLANG_WARN_INT_CONVERSION = YES;
				CLANG_WARN_NON_LITERAL_NULL_CONVERSION = YES;
				CLANG_WARN_OBJC_IMPLICIT_RETAIN_SELF = YES;
				CLANG_WARN_OBJC_LITERAL_CONVERSION = YES;
				CLANG_WARN_OBJC_ROOT_CLASS = YES_ERROR;
				CLANG_WARN_RANGE_LOOP_ANALYSIS = YES;
				CLANG_WARN_STRICT_PROTOTYPES = YES;
				CLANG_WARN_SUSPICIOUS_MOVE = YES;
				CLANG_WARN_UNGUARDED_AVAILABILITY = YES_AGGRESSIVE;
				CLANG_WARN_UNREACHABLE_CODE = YES;
				CLANG_WARN__DUPLICATE_METHOD_MATCH = YES;
				CODE_SIGN_IDENTITY = "iPhone Developer";
				COPY_PHASE_STRIP = NO;
				DEBUG_INFORMATION_FORMAT = "dwarf-with-dsym";
				ENABLE_NS_ASSERTIONS = NO;
				ENABLE_STRICT_OBJC_MSGSEND = YES;
				GCC_C_LANGUAGE_STANDARD = gnu11;
				GCC_NO_COMMON_BLOCKS = YES;
				GCC_WARN_64_TO_32_BIT_CONVERSION = YES;
				GCC_WARN_ABOUT_RETURN_TYPE = YES_ERROR;
				GCC_WARN_UNDECLARED_SELECTOR = YES;
				GCC_WARN_UNINITIALIZED_AUTOS = YES_AGGRESSIVE;
				GCC_WARN_UNUSED_FUNCTION = YES;
				GCC_WARN_UNUSED_VARIABLE = YES;
				IPHONEOS_DEPLOYMENT_TARGET = 12.1;
				MTL_ENABLE_DEBUG_INFO = NO;
				MTL_FAST_MATH = YES;
				SDKROOT = iphoneos;
				SWIFT_COMPILATION_MODE = wholemodule;
				SWIFT_OPTIMIZATION_LEVEL = "-O";
				VALIDATE_PRODUCT = YES;
			};
			name = Release;
		};
		78E892272244D38C003D6B27 /* Debug */ = {
			isa = XCBuildConfiguration;
			buildSettings = {
				ASSETCATALOG_COMPILER_APPICON_NAME = AppIcon;
				CODE_SIGN_STYLE = Automatic;
				DEVELOPMENT_TEAM = 69PLJFK56W;
				INFOPLIST_FILE = Testing/Info.plist;
				LD_RUNPATH_SEARCH_PATHS = (
					"$(inherited)",
					"@executable_path/Frameworks",
				);
				PRODUCT_BUNDLE_IDENTIFIER = "-AxisSolutions.com.Testing";
				PRODUCT_NAME = "$(TARGET_NAME)";
				SWIFT_VERSION = 4.2;
				TARGETED_DEVICE_FAMILY = "1,2";
			};
			name = Debug;
		};
		78E892282244D38C003D6B27 /* Release */ = {
			isa = XCBuildConfiguration;
			buildSettings = {
				ASSETCATALOG_COMPILER_APPICON_NAME = AppIcon;
				CODE_SIGN_STYLE = Automatic;
				DEVELOPMENT_TEAM = 69PLJFK56W;
				INFOPLIST_FILE = Testing/Info.plist;
				LD_RUNPATH_SEARCH_PATHS = (
					"$(inherited)",
					"@executable_path/Frameworks",
				);
				PRODUCT_BUNDLE_IDENTIFIER = "-AxisSolutions.com.Testing";
				PRODUCT_NAME = "$(TARGET_NAME)";
				SWIFT_VERSION = 4.2;
				TARGETED_DEVICE_FAMILY = "1,2";
			};
			name = Release;
		};
		78E8922A2244D38C003D6B27 /* Debug */ = {
			isa = XCBuildConfiguration;
			buildSettings = {
				ALWAYS_EMBED_SWIFT_STANDARD_LIBRARIES = YES;
				BUNDLE_LOADER = "$(TEST_HOST)";
				CODE_SIGN_STYLE = Automatic;
				DEVELOPMENT_TEAM = 69PLJFK56W;
				INFOPLIST_FILE = TestingTests/Info.plist;
				LD_RUNPATH_SEARCH_PATHS = (
					"$(inherited)",
					"@executable_path/Frameworks",
					"@loader_path/Frameworks",
				);
				PRODUCT_BUNDLE_IDENTIFIER = "-AxisSolutions.com.TestingTests";
				PRODUCT_NAME = "$(TARGET_NAME)";
				SWIFT_VERSION = 4.2;
				TARGETED_DEVICE_FAMILY = "1,2";
				TEST_HOST = "$(BUILT_PRODUCTS_DIR)/Testing.app/Testing";
			};
			name = Debug;
		};
		78E8922B2244D38C003D6B27 /* Release */ = {
			isa = XCBuildConfiguration;
			buildSettings = {
				ALWAYS_EMBED_SWIFT_STANDARD_LIBRARIES = YES;
				BUNDLE_LOADER = "$(TEST_HOST)";
				CODE_SIGN_STYLE = Automatic;
				DEVELOPMENT_TEAM = 69PLJFK56W;
				INFOPLIST_FILE = TestingTests/Info.plist;
				LD_RUNPATH_SEARCH_PATHS = (
					"$(inherited)",
					"@executable_path/Frameworks",
					"@loader_path/Frameworks",
				);
				PRODUCT_BUNDLE_IDENTIFIER = "-AxisSolutions.com.TestingTests";
				PRODUCT_NAME = "$(TARGET_NAME)";
				SWIFT_VERSION = 4.2;
				TARGETED_DEVICE_FAMILY = "1,2";
				TEST_HOST = "$(BUILT_PRODUCTS_DIR)/Testing.app/Testing";
			};
			name = Release;
		};
		78E8922D2244D38C003D6B27 /* Debug */ = {
			isa = XCBuildConfiguration;
			buildSettings = {
				ALWAYS_EMBED_SWIFT_STANDARD_LIBRARIES = YES;
				CODE_SIGN_STYLE = Automatic;
				DEVELOPMENT_TEAM = 69PLJFK56W;
				INFOPLIST_FILE = TestingUITests/Info.plist;
				LD_RUNPATH_SEARCH_PATHS = (
					"$(inherited)",
					"@executable_path/Frameworks",
					"@loader_path/Frameworks",
				);
				PRODUCT_BUNDLE_IDENTIFIER = "-AxisSolutions.com.TestingUITests";
				PRODUCT_NAME = "$(TARGET_NAME)";
				SWIFT_VERSION = 4.2;
				TARGETED_DEVICE_FAMILY = "1,2";
				TEST_TARGET_NAME = Testing;
			};
			name = Debug;
		};
		78E8922E2244D38C003D6B27 /* Release */ = {
			isa = XCBuildConfiguration;
			buildSettings = {
				ALWAYS_EMBED_SWIFT_STANDARD_LIBRARIES = YES;
				CODE_SIGN_STYLE = Automatic;
				DEVELOPMENT_TEAM = 69PLJFK56W;
				INFOPLIST_FILE = TestingUITests/Info.plist;
				LD_RUNPATH_SEARCH_PATHS = (
					"$(inherited)",
					"@executable_path/Frameworks",
					"@loader_path/Frameworks",
				);
				PRODUCT_BUNDLE_IDENTIFIER = "-AxisSolutions.com.TestingUITests";
				PRODUCT_NAME = "$(TARGET_NAME)";
				SWIFT_VERSION = 4.2;
				TARGETED_DEVICE_FAMILY = "1,2";
				TEST_TARGET_NAME = Testing;
			};
			name = Release;
		};
/* End XCBuildConfiguration section */

/* Begin XCConfigurationList section */
		78E891F92244D38B003D6B27 /* Build configuration list for PBXProject "Testing" */ = {
			isa = XCConfigurationList;
			buildConfigurations = (
				78E892242244D38C003D6B27 /* Debug */,
				78E892252244D38C003D6B27 /* Release */,
			);
			defaultConfigurationIsVisible = 0;
			defaultConfigurationName = Release;
		};
		78E892262244D38C003D6B27 /* Build configuration list for PBXNativeTarget "Testing" */ = {
			isa = XCConfigurationList;
			buildConfigurations = (
				78E892272244D38C003D6B27 /* Debug */,
				78E892282244D38C003D6B27 /* Release */,
			);
			defaultConfigurationIsVisible = 0;
			defaultConfigurationName = Release;
		};
		78E892292244D38C003D6B27 /* Build configuration list for PBXNativeTarget "TestingTests" */ = {
			isa = XCConfigurationList;
			buildConfigurations = (
				78E8922A2244D38C003D6B27 /* Debug */,
				78E8922B2244D38C003D6B27 /* Release */,
			);
			defaultConfigurationIsVisible = 0;
			defaultConfigurationName = Release;
		};
		78E8922C2244D38C003D6B27 /* Build configuration list for PBXNativeTarget "TestingUITests" */ = {
			isa = XCConfigurationList;
			buildConfigurations = (
				78E8922D2244D38C003D6B27 /* Debug */,
				78E8922E2244D38C003D6B27 /* Release */,
			);
			defaultConfigurationIsVisible = 0;
			defaultConfigurationName = Release;
		};
/* End XCConfigurationList section */
	};
	rootObject = 78E891F62244D38B003D6B27 /* Project object */;
}
